// !$*UTF8*$!
{
	archiveVersion = 1;
	classes = {
	};
	objectVersion = 50;
	objects = {

/* Begin PBXBuildFile section */
		8412D4EE21E59F5200183531 /* Object.cpp in Sources */ = {isa = PBXBuildFile; fileRef = 8412D4EC21E59F5200183531 /* Object.cpp */; };
		8454D85B21AABDD00045A126 /* main.cpp in Sources */ = {isa = PBXBuildFile; fileRef = 8454D85A21AABDD00045A126 /* main.cpp */; };
		847E47CC21E5CF9C0049F255 /* Scene.cpp in Sources */ = {isa = PBXBuildFile; fileRef = 847E47CA21E5CF9C0049F255 /* Scene.cpp */; };
		847E47CF21E5CFCE0049F255 /* Texture.cpp in Sources */ = {isa = PBXBuildFile; fileRef = 847E47CD21E5CFCE0049F255 /* Texture.cpp */; };
		847E47D221E5CFFB0049F255 /* Utils.cpp in Sources */ = {isa = PBXBuildFile; fileRef = 847E47D021E5CFFB0049F255 /* Utils.cpp */; };
		847E47E821E5FBF30049F255 /* SPPM.cpp in Sources */ = {isa = PBXBuildFile; fileRef = 847E47E321E5FBF20049F255 /* SPPM.cpp */; };
		8481D14621EB1AAE000793AF /* Vec3d.cpp in Sources */ = {isa = PBXBuildFile; fileRef = 8481D14521EB1AAE000793AF /* Vec3d.cpp */; };
		8481D14921EB1AF4000793AF /* KDTree.cpp in Sources */ = {isa = PBXBuildFile; fileRef = 8481D14821EB1AF3000793AF /* KDTree.cpp */; };
/* End PBXBuildFile section */

/* Begin PBXCopyFilesBuildPhase section */
		8454D85521AABDD00045A126 /* CopyFiles */ = {
			isa = PBXCopyFilesBuildPhase;
			buildActionMask = 2147483647;
			dstPath = /usr/share/man/man1/;
			dstSubfolderSpec = 0;
			files = (
			);
			runOnlyForDeploymentPostprocessing = 1;
		};
/* End PBXCopyFilesBuildPhase section */

/* Begin PBXFileReference section */
		8412D4EC21E59F5200183531 /* Object.cpp */ = {isa = PBXFileReference; lastKnownFileType = sourcecode.cpp.cpp; path = Object.cpp; sourceTree = "<group>"; };
		8412D4ED21E59F5200183531 /* Object.hpp */ = {isa = PBXFileReference; lastKnownFileType = sourcecode.cpp.h; path = Object.hpp; sourceTree = "<group>"; };
		8454D85721AABDD00045A126 /* SPPM */ = {isa = PBXFileReference; explicitFileType = "compiled.mach-o.executable"; includeInIndex = 0; path = SPPM; sourceTree = BUILT_PRODUCTS_DIR; };
		8454D85A21AABDD00045A126 /* main.cpp */ = {isa = PBXFileReference; lastKnownFileType = sourcecode.cpp.cpp; path = main.cpp; sourceTree = "<group>"; };
		847E47CA21E5CF9C0049F255 /* Scene.cpp */ = {isa = PBXFileReference; lastKnownFileType = sourcecode.cpp.cpp; path = Scene.cpp; sourceTree = "<group>"; };
		847E47CB21E5CF9C0049F255 /* Scene.hpp */ = {isa = PBXFileReference; lastKnownFileType = sourcecode.cpp.h; path = Scene.hpp; sourceTree = "<group>"; };
		847E47CD21E5CFCE0049F255 /* Texture.cpp */ = {isa = PBXFileReference; lastKnownFileType = sourcecode.cpp.cpp; path = Texture.cpp; sourceTree = "<group>"; };
		847E47CE21E5CFCE0049F255 /* Texture.hpp */ = {isa = PBXFileReference; lastKnownFileType = sourcecode.cpp.h; path = Texture.hpp; sourceTree = "<group>"; };
		847E47D021E5CFFB0049F255 /* Utils.cpp */ = {isa = PBXFileReference; lastKnownFileType = sourcecode.cpp.cpp; path = Utils.cpp; sourceTree = "<group>"; };
		847E47D121E5CFFB0049F255 /* Utils.hpp */ = {isa = PBXFileReference; lastKnownFileType = sourcecode.cpp.h; path = Utils.hpp; sourceTree = "<group>"; };
		847E47D721E5E6680049F255 /* BRDF.hpp */ = {isa = PBXFileReference; fileEncoding = 4; lastKnownFileType = sourcecode.cpp.h; path = BRDF.hpp; sourceTree = "<group>"; };
		847E47E321E5FBF20049F255 /* SPPM.cpp */ = {isa = PBXFileReference; fileEncoding = 4; lastKnownFileType = sourcecode.cpp.cpp; path = SPPM.cpp; sourceTree = "<group>"; };
		847E47E421E5FBF20049F255 /* SPPM.hpp */ = {isa = PBXFileReference; fileEncoding = 4; lastKnownFileType = sourcecode.cpp.h; path = SPPM.hpp; sourceTree = "<group>"; };
		8481D14421EB1AAE000793AF /* Vec3d.hpp */ = {isa = PBXFileReference; fileEncoding = 4; lastKnownFileType = sourcecode.cpp.h; path = Vec3d.hpp; sourceTree = "<group>"; };
		8481D14521EB1AAE000793AF /* Vec3d.cpp */ = {isa = PBXFileReference; fileEncoding = 4; lastKnownFileType = sourcecode.cpp.cpp; path = Vec3d.cpp; sourceTree = "<group>"; };
		8481D14721EB1AF3000793AF /* KDTree.hpp */ = {isa = PBXFileReference; fileEncoding = 4; lastKnownFileType = sourcecode.cpp.h; path = KDTree.hpp; sourceTree = "<group>"; };
		8481D14821EB1AF3000793AF /* KDTree.cpp */ = {isa = PBXFileReference; fileEncoding = 4; lastKnownFileType = sourcecode.cpp.cpp; path = KDTree.cpp; sourceTree = "<group>"; };
/* End PBXFileReference section */

/* Begin PBXFrameworksBuildPhase section */
		8454D85421AABDD00045A126 /* Frameworks */ = {
			isa = PBXFrameworksBuildPhase;
			buildActionMask = 2147483647;
			files = (
			);
			runOnlyForDeploymentPostprocessing = 0;
		};
/* End PBXFrameworksBuildPhase section */

/* Begin PBXGroup section */
		8454D84E21AABDD00045A126 = {
			isa = PBXGroup;
			children = (
				8454D85921AABDD00045A126 /* SPPM */,
				8454D85821AABDD00045A126 /* Products */,
			);
			sourceTree = "<group>";
		};
		8454D85821AABDD00045A126 /* Products */ = {
			isa = PBXGroup;
			children = (
				8454D85721AABDD00045A126 /* SPPM */,
			);
			name = Products;
			sourceTree = "<group>";
		};
		8454D85921AABDD00045A126 /* SPPM */ = {
			isa = PBXGroup;
			children = (
				847E47D721E5E6680049F255 /* BRDF.hpp */,
				847E47CB21E5CF9C0049F255 /* Scene.hpp */,
				847E47CA21E5CF9C0049F255 /* Scene.cpp */,
				8481D14721EB1AF3000793AF /* KDTree.hpp */,
				8481D14821EB1AF3000793AF /* KDTree.cpp */,
				8412D4ED21E59F5200183531 /* Object.hpp */,
				8412D4EC21E59F5200183531 /* Object.cpp */,
				847E47CE21E5CFCE0049F255 /* Texture.hpp */,
				847E47CD21E5CFCE0049F255 /* Texture.cpp */,
				847E47E421E5FBF20049F255 /* SPPM.hpp */,
				847E47E321E5FBF20049F255 /* SPPM.cpp */,
				8481D14421EB1AAE000793AF /* Vec3d.hpp */,
				8481D14521EB1AAE000793AF /* Vec3d.cpp */,
				847E47D121E5CFFB0049F255 /* Utils.hpp */,
				847E47D021E5CFFB0049F255 /* Utils.cpp */,
				8454D85A21AABDD00045A126 /* main.cpp */,
			);
			path = SPPM;
			sourceTree = "<group>";
		};
/* End PBXGroup section */

/* Begin PBXNativeTarget section */
		8454D85621AABDD00045A126 /* SPPM */ = {
			isa = PBXNativeTarget;
			buildConfigurationList = 8454D85E21AABDD00045A126 /* Build configuration list for PBXNativeTarget "SPPM" */;
			buildPhases = (
				8454D85321AABDD00045A126 /* Sources */,
				8454D85421AABDD00045A126 /* Frameworks */,
				8454D85521AABDD00045A126 /* CopyFiles */,
			);
			buildRules = (
			);
			dependencies = (
			);
			name = SPPM;
			productName = SPPM;
			productReference = 8454D85721AABDD00045A126 /* SPPM */;
			productType = "com.apple.product-type.tool";
		};
/* End PBXNativeTarget section */

/* Begin PBXProject section */
		8454D84F21AABDD00045A126 /* Project object */ = {
			isa = PBXProject;
			attributes = {
				LastUpgradeCheck = 1000;
				ORGANIZATIONNAME = "Sherilyn Wankins";
				TargetAttributes = {
					8454D85621AABDD00045A126 = {
						CreatedOnToolsVersion = 10.0;
					};
				};
			};
			buildConfigurationList = 8454D85221AABDD00045A126 /* Build configuration list for PBXProject "SPPM" */;
			compatibilityVersion = "Xcode 9.3";
			developmentRegion = en;
			hasScannedForEncodings = 0;
			knownRegions = (
				en,
			);
			mainGroup = 8454D84E21AABDD00045A126;
			productRefGroup = 8454D85821AABDD00045A126 /* Products */;
			projectDirPath = "";
			projectRoot = "";
			targets = (
				8454D85621AABDD00045A126 /* SPPM */,
			);
		};
/* End PBXProject section */

/* Begin PBXSourcesBuildPhase section */
		8454D85321AABDD00045A126 /* Sources */ = {
			isa = PBXSourcesBuildPhase;
			buildActionMask = 2147483647;
			files = (
				847E47CC21E5CF9C0049F255 /* Scene.cpp in Sources */,
				8481D14621EB1AAE000793AF /* Vec3d.cpp in Sources */,
				847E47D221E5CFFB0049F255 /* Utils.cpp in Sources */,
				847E47CF21E5CFCE0049F255 /* Texture.cpp in Sources */,
				847E47E821E5FBF30049F255 /* SPPM.cpp in Sources */,
				8454D85B21AABDD00045A126 /* main.cpp in Sources */,
				8481D14921EB1AF4000793AF /* KDTree.cpp in Sources */,
				8412D4EE21E59F5200183531 /* Object.cpp in Sources */,
			);
			runOnlyForDeploymentPostprocessing = 0;
		};
/* End PBXSourcesBuildPhase section */

/* Begin XCBuildConfiguration section */
		8454D85C21AABDD00045A126 /* Debug */ = {
			isa = XCBuildConfiguration;
			buildSettings = {
				ALWAYS_SEARCH_USER_PATHS = NO;
				CLANG_ANALYZER_NONNULL = YES;
				CLANG_ANALYZER_NUMBER_OBJECT_CONVERSION = YES_AGGRESSIVE;
				CLANG_CXX_LANGUAGE_STANDARD = "gnu++14";
				CLANG_CXX_LIBRARY = "libc++";
				CLANG_ENABLE_MODULES = YES;
				CLANG_ENABLE_OBJC_ARC = YES;
				CLANG_ENABLE_OBJC_WEAK = YES;
				CLANG_WARN_BLOCK_CAPTURE_AUTORELEASING = YES;
				CLANG_WARN_BOOL_CONVERSION = YES;
				CLANG_WARN_COMMA = YES;
				CLANG_WARN_CONSTANT_CONVERSION = YES;
				CLANG_WARN_DEPRECATED_OBJC_IMPLEMENTATIONS = YES;
				CLANG_WARN_DIRECT_OBJC_ISA_USAGE = YES_ERROR;
				CLANG_WARN_DOCUMENTATION_COMMENTS = YES;
				CLANG_WARN_EMPTY_BODY = YES;
				CLANG_WARN_ENUM_CONVERSION = YES;
				CLANG_WARN_INFINITE_RECURSION = YES;
				CLANG_WARN_INT_CONVERSION = YES;
				CLANG_WARN_NON_LITERAL_NULL_CONVERSION = YES;
				CLANG_WARN_OBJC_IMPLICIT_RETAIN_SELF = YES;
				CLANG_WARN_OBJC_LITERAL_CONVERSION = YES;
				CLANG_WARN_OBJC_ROOT_CLASS = YES_ERROR;
				CLANG_WARN_RANGE_LOOP_ANALYSIS = YES;
				CLANG_WARN_STRICT_PROTOTYPES = YES;
				CLANG_WARN_SUSPICIOUS_MOVE = YES;
				CLANG_WARN_UNGUARDED_AVAILABILITY = YES_AGGRESSIVE;
				CLANG_WARN_UNREACHABLE_CODE = YES;
				CLANG_WARN__DUPLICATE_METHOD_MATCH = YES;
				CODE_SIGN_IDENTITY = "-";
				COPY_PHASE_STRIP = NO;
				DEBUG_INFORMATION_FORMAT = dwarf;
				ENABLE_STRICT_OBJC_MSGSEND = YES;
				ENABLE_TESTABILITY = YES;
				GCC_C_LANGUAGE_STANDARD = gnu11;
				GCC_DYNAMIC_NO_PIC = NO;
				GCC_NO_COMMON_BLOCKS = YES;
				GCC_OPTIMIZATION_LEVEL = 0;
				GCC_PREPROCESSOR_DEFINITIONS = (
					"DEBUG=1",
					"$(inherited)",
				);
				GCC_WARN_64_TO_32_BIT_CONVERSION = YES;
				GCC_WARN_ABOUT_RETURN_TYPE = YES_ERROR;
				GCC_WARN_UNDECLARED_SELECTOR = YES;
				GCC_WARN_UNINITIALIZED_AUTOS = YES_AGGRESSIVE;
				GCC_WARN_UNUSED_FUNCTION = YES;
				GCC_WARN_UNUSED_VARIABLE = YES;
				MACOSX_DEPLOYMENT_TARGET = 10.14;
				MTL_ENABLE_DEBUG_INFO = INCLUDE_SOURCE;
				MTL_FAST_MATH = YES;
				ONLY_ACTIVE_ARCH = YES;
				SDKROOT = macosx;
			};
			name = Debug;
		};
		8454D85D21AABDD00045A126 /* Release */ = {
			isa = XCBuildConfiguration;
			buildSettings = {
				ALWAYS_SEARCH_USER_PATHS = NO;
				CLANG_ANALYZER_NONNULL = YES;
				CLANG_ANALYZER_NUMBER_OBJECT_CONVERSION = YES_AGGRESSIVE;
				CLANG_CXX_LANGUAGE_STANDARD = "gnu++14";
				CLANG_CXX_LIBRARY = "libc++";
				CLANG_ENABLE_MODULES = YES;
				CLANG_ENABLE_OBJC_ARC = YES;
				CLANG_ENABLE_OBJC_WEAK = YES;
				CLANG_WARN_BLOCK_CAPTURE_AUTORELEASING = YES;
				CLANG_WARN_BOOL_CONVERSION = YES;
				CLANG_WARN_COMMA = YES;
				CLANG_WARN_CONSTANT_CONVERSION = YES;
				CLANG_WARN_DEPRECATED_OBJC_IMPLEMENTATIONS = YES;
				CLANG_WARN_DIRECT_OBJC_ISA_USAGE = YES_ERROR;
				CLANG_WARN_DOCUMENTATION_COMMENTS = YES;
				CLANG_WARN_EMPTY_BODY = YES;
				CLANG_WARN_ENUM_CONVERSION = YES;
				CLANG_WARN_INFINITE_RECURSION = YES;
				CLANG_WARN_INT_CONVERSION = YES;
				CLANG_WARN_NON_LITERAL_NULL_CONVERSION = YES;
				CLANG_WARN_OBJC_IMPLICIT_RETAIN_SELF = YES;
				CLANG_WARN_OBJC_LITERAL_CONVERSION = YES;
				CLANG_WARN_OBJC_ROOT_CLASS = YES_ERROR;
				CLANG_WARN_RANGE_LOOP_ANALYSIS = YES;
				CLANG_WARN_STRICT_PROTOTYPES = YES;
				CLANG_WARN_SUSPICIOUS_MOVE = YES;
				CLANG_WARN_UNGUARDED_AVAILABILITY = YES_AGGRESSIVE;
				CLANG_WARN_UNREACHABLE_CODE = YES;
				CLANG_WARN__DUPLICATE_METHOD_MATCH = YES;
				CODE_SIGN_IDENTITY = "-";
				COPY_PHASE_STRIP = NO;
				DEBUG_INFORMATION_FORMAT = "dwarf-with-dsym";
				ENABLE_NS_ASSERTIONS = NO;
				ENABLE_STRICT_OBJC_MSGSEND = YES;
				GCC_C_LANGUAGE_STANDARD = gnu11;
				GCC_NO_COMMON_BLOCKS = YES;
				GCC_WARN_64_TO_32_BIT_CONVERSION = YES;
				GCC_WARN_ABOUT_RETURN_TYPE = YES_ERROR;
				GCC_WARN_UNDECLARED_SELECTOR = YES;
				GCC_WARN_UNINITIALIZED_AUTOS = YES_AGGRESSIVE;
				GCC_WARN_UNUSED_FUNCTION = YES;
				GCC_WARN_UNUSED_VARIABLE = YES;
				MACOSX_DEPLOYMENT_TARGET = 10.14;
				MTL_ENABLE_DEBUG_INFO = NO;
				MTL_FAST_MATH = YES;
				SDKROOT = macosx;
			};
			name = Release;
		};
		8454D85F21AABDD00045A126 /* Debug */ = {
			isa = XCBuildConfiguration;
			buildSettings = {
				CODE_SIGN_STYLE = Automatic;
				PRODUCT_NAME = "$(TARGET_NAME)";
			};
			name = Debug;
		};
		8454D86021AABDD00045A126 /* Release */ = {
			isa = XCBuildConfiguration;
			buildSettings = {
				CODE_SIGN_STYLE = Automatic;
				PRODUCT_NAME = "$(TARGET_NAME)";
			};
			name = Release;
		};
/* End XCBuildConfiguration section */

/* Begin XCConfigurationList section */
		8454D85221AABDD00045A126 /* Build configuration list for PBXProject "SPPM" */ = {
			isa = XCConfigurationList;
			buildConfigurations = (
				8454D85C21AABDD00045A126 /* Debug */,
				8454D85D21AABDD00045A126 /* Release */,
			);
			defaultConfigurationIsVisible = 0;
			defaultConfigurationName = Release;
		};
		8454D85E21AABDD00045A126 /* Build configuration list for PBXNativeTarget "SPPM" */ = {
			isa = XCConfigurationList;
			buildConfigurations = (
				8454D85F21AABDD00045A126 /* Debug */,
				8454D86021AABDD00045A126 /* Release */,
			);
			defaultConfigurationIsVisible = 0;
			defaultConfigurationName = Release;
		};
/* End XCConfigurationList section */
	};
	rootObject = 8454D84F21AABDD00045A126 /* Project object */;
}
